
Microsoft Visual Studio Solution File, Format Version 12.00
# Visual Studio Version 16
VisualStudioVersion = 16.0.32602.291
MinimumVisualStudioVersion = 10.0.40219.1
Project("{FAE04EC0-301F-11D3-BF4B-00C04F79EFBC}") = "LPMessengerAPI", "LPMessengerAPI\LPMessengerAPI.csproj", "{6B83DBEC-9A7A-4ADE-9397-02C0AECB0609}"
EndProject
Global
	GlobalSection(SolutionConfigurationPlatforms) = preSolution
		Debug|Any CPU = Debug|Any CPU
		Release|Any CPU = Release|Any CPU
	EndGlobalSection
	GlobalSection(ProjectConfigurationPlatforms) = postSolution
		{6B83DBEC-9A7A-4ADE-9397-02C0AECB0609}.Debug|Any CPU.ActiveCfg = Debug|Any CPU
		{6B83DBEC-9A7A-4ADE-9397-02C0AECB0609}.Debug|Any CPU.Build.0 = Debug|Any CPU
		{6B83DBEC-9A7A-4ADE-9397-02C0AECB0609}.Release|Any CPU.ActiveCfg = Release|Any CPU
		{6B83DBEC-9A7A-4ADE-9397-02C0AECB0609}.Release|Any CPU.Build.0 = Release|Any CPU
	EndGlobalSection
	GlobalSection(SolutionProperties) = preSolution
		HideSolutionNode = FALSE
	EndGlobalSection
	GlobalSection(ExtensibilityGlobals) = postSolution
		SolutionGuid = {D88702D3-131E-4C23-B41C-4F7240E9445D}
	EndGlobalSection
EndGlobal
